// !$*UTF8*$!
{
	archiveVersion = 1;
	classes = {
	};
	objectVersion = 46;
	objects = {

/* Begin PBXBuildFile section */
		E231532B1A27CF5200843976 /* AppDelegate.swift in Sources */ = {isa = PBXBuildFile; fileRef = E231532A1A27CF5200843976 /* AppDelegate.swift */; };
		E231532D1A27CF5200843976 /* ViewController.swift in Sources */ = {isa = PBXBuildFile; fileRef = E231532C1A27CF5200843976 /* ViewController.swift */; };
		E23153301A27CF5200843976 /* Main.storyboard in Resources */ = {isa = PBXBuildFile; fileRef = E231532E1A27CF5200843976 /* Main.storyboard */; };
		E23153321A27CF5200843976 /* Images.xcassets in Resources */ = {isa = PBXBuildFile; fileRef = E23153311A27CF5200843976 /* Images.xcassets */; };
		E23153351A27CF5200843976 /* LaunchScreen.xib in Resources */ = {isa = PBXBuildFile; fileRef = E23153331A27CF5200843976 /* LaunchScreen.xib */; };
		E231534B1A27CF6200843976 /* TestView.swift in Sources */ = {isa = PBXBuildFile; fileRef = E231534A1A27CF6200843976 /* TestView.swift */; };
/* End PBXBuildFile section */

/* Begin PBXFileReference section */
		E23153251A27CF5200843976 /* IntrinsticContentSize.app */ = {isa = PBXFileReference; explicitFileType = wrapper.application; includeInIndex = 0; path = IntrinsticContentSize.app; sourceTree = BUILT_PRODUCTS_DIR; };
		E23153291A27CF5200843976 /* Info.plist */ = {isa = PBXFileReference; lastKnownFileType = text.plist.xml; path = Info.plist; sourceTree = "<group>"; };
		E231532A1A27CF5200843976 /* AppDelegate.swift */ = {isa = PBXFileReference; lastKnownFileType = sourcecode.swift; path = AppDelegate.swift; sourceTree = "<group>"; };
		E231532C1A27CF5200843976 /* ViewController.swift */ = {isa = PBXFileReference; lastKnownFileType = sourcecode.swift; path = ViewController.swift; sourceTree = "<group>"; };
		E231532F1A27CF5200843976 /* Base */ = {isa = PBXFileReference; lastKnownFileType = file.storyboard; name = Base; path = Base.lproj/Main.storyboard; sourceTree = "<group>"; };
		E23153311A27CF5200843976 /* Images.xcassets */ = {isa = PBXFileReference; lastKnownFileType = folder.assetcatalog; path = Images.xcassets; sourceTree = "<group>"; };
		E23153341A27CF5200843976 /* Base */ = {isa = PBXFileReference; lastKnownFileType = file.xib; name = Base; path = Base.lproj/LaunchScreen.xib; sourceTree = "<group>"; };
		E231534A1A27CF6200843976 /* TestView.swift */ = {isa = PBXFileReference; fileEncoding = 4; lastKnownFileType = sourcecode.swift; path = TestView.swift; sourceTree = "<group>"; };
/* End PBXFileReference section */

/* Begin PBXFrameworksBuildPhase section */
		E23153221A27CF5200843976 /* Frameworks */ = {
			isa = PBXFrameworksBuildPhase;
			buildActionMask = 2147483647;
			files = (
			);
			runOnlyForDeploymentPostprocessing = 0;
		};
/* End PBXFrameworksBuildPhase section */

/* Begin PBXGroup section */
		E231531C1A27CF5200843976 = {
			isa = PBXGroup;
			children = (
				E23153271A27CF5200843976 /* IntrinsticContentSize */,
				E23153261A27CF5200843976 /* Products */,
			);
			sourceTree = "<group>";
		};
		E23153261A27CF5200843976 /* Products */ = {
			isa = PBXGroup;
			children = (
				E23153251A27CF5200843976 /* IntrinsticContentSize.app */,
			);
			name = Products;
			sourceTree = "<group>";
		};
		E23153271A27CF5200843976 /* IntrinsticContentSize */ = {
			isa = PBXGroup;
			children = (
				E231532A1A27CF5200843976 /* AppDelegate.swift */,
				E231532C1A27CF5200843976 /* ViewController.swift */,
				E231532E1A27CF5200843976 /* Main.storyboard */,
				E23153311A27CF5200843976 /* Images.xcassets */,
				E23153331A27CF5200843976 /* LaunchScreen.xib */,
				E23153281A27CF5200843976 /* Supporting Files */,
				E231534A1A27CF6200843976 /* TestView.swift */,
			);
			path = IntrinsticContentSize;
			sourceTree = "<group>";
		};
		E23153281A27CF5200843976 /* Supporting Files */ = {
			isa = PBXGroup;
			children = (
				E23153291A27CF5200843976 /* Info.plist */,
			);
			name = "Supporting Files";
			sourceTree = "<group>";
		};
/* End PBXGroup section */

/* Begin PBXNativeTarget section */
		E23153241A27CF5200843976 /* IntrinsticContentSize */ = {
			isa = PBXNativeTarget;
			buildConfigurationList = E23153441A27CF5200843976 /* Build configuration list for PBXNativeTarget "IntrinsticContentSize" */;
			buildPhases = (
				E23153211A27CF5200843976 /* Sources */,
				E23153221A27CF5200843976 /* Frameworks */,
				E23153231A27CF5200843976 /* Resources */,
			);
			buildRules = (
			);
			dependencies = (
			);
			name = IntrinsticContentSize;
			productName = IntrinsticContentSize;
			productReference = E23153251A27CF5200843976 /* IntrinsticContentSize.app */;
			productType = "com.apple.product-type.application";
		};
/* End PBXNativeTarget section */

/* Begin PBXProject section */
		E231531D1A27CF5200843976 /* Project object */ = {
			isa = PBXProject;
			attributes = {
				LastUpgradeCheck = 0610;
				ORGANIZATIONNAME = "Tom Adriaenssen";
				TargetAttributes = {
					E23153241A27CF5200843976 = {
						CreatedOnToolsVersion = 6.1.1;
					};
				};
			};
			buildConfigurationList = E23153201A27CF5200843976 /* Build configuration list for PBXProject "IntrinsticContentSize" */;
			compatibilityVersion = "Xcode 3.2";
			developmentRegion = English;
			hasScannedForEncodings = 0;
			knownRegions = (
				en,
				Base,
			);
			mainGroup = E231531C1A27CF5200843976;
			productRefGroup = E23153261A27CF5200843976 /* Products */;
			projectDirPath = "";
			projectRoot = "";
			targets = (
				E23153241A27CF5200843976 /* IntrinsticContentSize */,
			);
		};
/* End PBXProject section */

/* Begin PBXResourcesBuildPhase section */
		E23153231A27CF5200843976 /* Resources */ = {
			isa = PBXResourcesBuildPhase;
			buildActionMask = 2147483647;
			files = (
				E23153301A27CF5200843976 /* Main.storyboard in Resources */,
				E23153351A27CF5200843976 /* LaunchScreen.xib in Resources */,
				E23153321A27CF5200843976 /* Images.xcassets in Resources */,
			);
			runOnlyForDeploymentPostprocessing = 0;
		};
/* End PBXResourcesBuildPhase section */

/* Begin PBXSourcesBuildPhase section */
		E23153211A27CF5200843976 /* Sources */ = {
			isa = PBXSourcesBuildPhase;
			buildActionMask = 2147483647;
			files = (
				E231534B1A27CF6200843976 /* TestView.swift in Sources */,
				E231532D1A27CF5200843976 /* ViewController.swift in Sources */,
				E231532B1A27CF5200843976 /* AppDelegate.swift in Sources */,
			);
			runOnlyForDeploymentPostprocessing = 0;
		};
/* End PBXSourcesBuildPhase section */

/* Begin PBXVariantGroup section */
		E231532E1A27CF5200843976 /* Main.storyboard */ = {
			isa = PBXVariantGroup;
			children = (
				E231532F1A27CF5200843976 /* Base */,
			);
			name = Main.storyboard;
			sourceTree = "<group>";
		};
		E23153331A27CF5200843976 /* LaunchScreen.xib */ = {
			isa = PBXVariantGroup;
			children = (
				E23153341A27CF5200843976 /* Base */,
			);
			name = LaunchScreen.xib;
			sourceTree = "<group>";
		};
/* End PBXVariantGroup section */

/* Begin XCBuildConfiguration section */
		E23153421A27CF5200843976 /* Debug */ = {
			isa = XCBuildConfiguration;
			buildSettings = {
				ALWAYS_SEARCH_USER_PATHS = NO;
				CLANG_CXX_LANGUAGE_STANDARD = "gnu++0x";
				CLANG_CXX_LIBRARY = "libc++";
				CLANG_ENABLE_MODULES = YES;
				CLANG_ENABLE_OBJC_ARC = YES;
				CLANG_WARN_BOOL_CONVERSION = YES;
				CLANG_WARN_CONSTANT_CONVERSION = YES;
				CLANG_WARN_DIRECT_OBJC_ISA_USAGE = YES_ERROR;
				CLANG_WARN_EMPTY_BODY = YES;
				CLANG_WARN_ENUM_CONVERSION = YES;
				CLANG_WARN_INT_CONVERSION = YES;
				CLANG_WARN_OBJC_ROOT_CLASS = YES_ERROR;
				CLANG_WARN_UNREACHABLE_CODE = YES;
				CLANG_WARN__DUPLICATE_METHOD_MATCH = YES;
				"CODE_SIGN_IDENTITY[sdk=iphoneos*]" = "iPhone Developer";
				COPY_PHASE_STRIP = NO;
				ENABLE_STRICT_OBJC_MSGSEND = YES;
				GCC_C_LANGUAGE_STANDARD = gnu99;
				GCC_DYNAMIC_NO_PIC = NO;
				GCC_OPTIMIZATION_LEVEL = 0;
				GCC_PREPROCESSOR_DEFINITIONS = (
					"DEBUG=1",
					"$(inherited)",
				);
				GCC_SYMBOLS_PRIVATE_EXTERN = NO;
				GCC_WARN_64_TO_32_BIT_CONVERSION = YES;
				GCC_WARN_ABOUT_RETURN_TYPE = YES_ERROR;
				GCC_WARN_UNDECLARED_SELECTOR = YES;
				GCC_WARN_UNINITIALIZED_AUTOS = YES_AGGRESSIVE;
				GCC_WARN_UNUSED_FUNCTION = YES;
				GCC_WARN_UNUSED_VARIABLE = YES;
				IPHONEOS_DEPLOYMENT_TARGET = 8.1;
				MTL_ENABLE_DEBUG_INFO = YES;
				ONLY_ACTIVE_ARCH = YES;
				SDKROOT = iphoneos;
				SWIFT_OPTIMIZATION_LEVEL = "-Onone";
				TARGETED_DEVICE_FAMILY = "1,2";
			};
			name = Debug;
		};
		E23153431A27CF5200843976 /* Release */ = {
			isa = XCBuildConfiguration;
			buildSettings = {
				ALWAYS_SEARCH_USER_PATHS = NO;
				CLANG_CXX_LANGUAGE_STANDARD = "gnu++0x";
				CLANG_CXX_LIBRARY = "libc++";
				CLANG_ENABLE_MODULES = YES;
				CLANG_ENABLE_OBJC_ARC = YES;
				CLANG_WARN_BOOL_CONVERSION = YES;
				CLANG_WARN_CONSTANT_CONVERSION = YES;
				CLANG_WARN_DIRECT_OBJC_ISA_USAGE = YES_ERROR;
				CLANG_WARN_EMPTY_BODY = YES;
				CLANG_WARN_ENUM_CONVERSION = YES;
				CLANG_WARN_INT_CONVERSION = YES;
				CLANG_WARN_OBJC_ROOT_CLASS = YES_ERROR;
				CLANG_WARN_UNREACHABLE_CODE = YES;
				CLANG_WARN__DUPLICATE_METHOD_MATCH = YES;
				"CODE_SIGN_IDENTITY[sdk=iphoneos*]" = "iPhone Developer";
				COPY_PHASE_STRIP = YES;
				ENABLE_NS_ASSERTIONS = NO;
				ENABLE_STRICT_OBJC_MSGSEND = YES;
				GCC_C_LANGUAGE_STANDARD = gnu99;
				GCC_WARN_64_TO_32_BIT_CONVERSION = YES;
				GCC_WARN_ABOUT_RETURN_TYPE = YES_ERROR;
				GCC_WARN_UNDECLARED_SELECTOR = YES;
				GCC_WARN_UNINITIALIZED_AUTOS = YES_AGGRESSIVE;
				GCC_WARN_UNUSED_FUNCTION = YES;
				GCC_WARN_UNUSED_VARIABLE = YES;
				IPHONEOS_DEPLOYMENT_TARGET = 8.1;
				MTL_ENABLE_DEBUG_INFO = NO;
				SDKROOT = iphoneos;
				TARGETED_DEVICE_FAMILY = "1,2";
				VALIDATE_PRODUCT = YES;
			};
			name = Release;
		};
		E23153451A27CF5200843976 /* Debug */ = {
			isa = XCBuildConfiguration;
			buildSettings = {
				ASSETCATALOG_COMPILER_APPICON_NAME = AppIcon;
				INFOPLIST_FILE = IntrinsticContentSize/Info.plist;
				LD_RUNPATH_SEARCH_PATHS = "$(inherited) @executable_path/Frameworks";
				PRODUCT_NAME = "$(TARGET_NAME)";
			};
			name = Debug;
		};
		E23153461A27CF5200843976 /* Release */ = {
			isa = XCBuildConfiguration;
			buildSettings = {
				ASSETCATALOG_COMPILER_APPICON_NAME = AppIcon;
				INFOPLIST_FILE = IntrinsticContentSize/Info.plist;
				LD_RUNPATH_SEARCH_PATHS = "$(inherited) @executable_path/Frameworks";
				PRODUCT_NAME = "$(TARGET_NAME)";
			};
			name = Release;
		};
/* End XCBuildConfiguration section */

/* Begin XCConfigurationList section */
		E23153201A27CF5200843976 /* Build configuration list for PBXProject "IntrinsticContentSize" */ = {
			isa = XCConfigurationList;
			buildConfigurations = (
				E23153421A27CF5200843976 /* Debug */,
				E23153431A27CF5200843976 /* Release */,
			);
			defaultConfigurationIsVisible = 0;
			defaultConfigurationName = Release;
		};
		E23153441A27CF5200843976 /* Build configuration list for PBXNativeTarget "IntrinsticContentSize" */ = {
			isa = XCConfigurationList;
			buildConfigurations = (
				E23153451A27CF5200843976 /* Debug */,
				E23153461A27CF5200843976 /* Release */,
			);
			defaultConfigurationIsVisible = 0;
		};
/* End XCConfigurationList section */
	};
	rootObject = E231531D1A27CF5200843976 /* Project object */;
}
